// !$*UTF8*$!
{
	archiveVersion = 1;
	classes = {
	};
	objectVersion = 56;
	objects = {

/* Begin PBXBuildFile section */
		0D4030317F043240EC5EED20 /* Pods_AdMob.framework in Frameworks */ = {isa = PBXBuildFile; fileRef = 526BFDAC7A43AE59C8E645D6 /* Pods_AdMob.framework */; };
		1F9DE8402AAC961F00FB8152 /* AdMobApp.swift in Sources */ = {isa = PBXBuildFile; fileRef = 1F9DE83F2AAC961F00FB8152 /* AdMobApp.swift */; };
		1F9DE8422AAC961F00FB8152 /* ContentView.swift in Sources */ = {isa = PBXBuildFile; fileRef = 1F9DE8412AAC961F00FB8152 /* ContentView.swift */; };
		1F9DE8442AAC962000FB8152 /* Assets.xcassets in Resources */ = {isa = PBXBuildFile; fileRef = 1F9DE8432AAC962000FB8152 /* Assets.xcassets */; };
		1F9DE8472AAC962000FB8152 /* Preview Assets.xcassets in Resources */ = {isa = PBXBuildFile; fileRef = 1F9DE8462AAC962000FB8152 /* Preview Assets.xcassets */; };
		1F9DE8522AACADE000FB8152 /* RewardAdsManager.swift in Sources */ = {isa = PBXBuildFile; fileRef = 1F9DE8512AACADE000FB8152 /* RewardAdsManager.swift */; };
/* End PBXBuildFile section */

/* Begin PBXFileReference section */
		1F9DE83C2AAC961F00FB8152 /* AdMob.app */ = {isa = PBXFileReference; explicitFileType = wrapper.application; includeInIndex = 0; path = AdMob.app; sourceTree = BUILT_PRODUCTS_DIR; };
		1F9DE83F2AAC961F00FB8152 /* AdMobApp.swift */ = {isa = PBXFileReference; lastKnownFileType = sourcecode.swift; path = AdMobApp.swift; sourceTree = "<group>"; };
		1F9DE8412AAC961F00FB8152 /* ContentView.swift */ = {isa = PBXFileReference; lastKnownFileType = sourcecode.swift; path = ContentView.swift; sourceTree = "<group>"; };
		1F9DE8432AAC962000FB8152 /* Assets.xcassets */ = {isa = PBXFileReference; lastKnownFileType = folder.assetcatalog; path = Assets.xcassets; sourceTree = "<group>"; };
		1F9DE8462AAC962000FB8152 /* Preview Assets.xcassets */ = {isa = PBXFileReference; lastKnownFileType = folder.assetcatalog; path = "Preview Assets.xcassets"; sourceTree = "<group>"; };
		1F9DE84D2AACAC1600FB8152 /* Info.plist */ = {isa = PBXFileReference; lastKnownFileType = text.plist.xml; path = Info.plist; sourceTree = "<group>"; };
		1F9DE8512AACADE000FB8152 /* RewardAdsManager.swift */ = {isa = PBXFileReference; lastKnownFileType = sourcecode.swift; path = RewardAdsManager.swift; sourceTree = "<group>"; };
		526BFDAC7A43AE59C8E645D6 /* Pods_AdMob.framework */ = {isa = PBXFileReference; explicitFileType = wrapper.framework; includeInIndex = 0; path = Pods_AdMob.framework; sourceTree = BUILT_PRODUCTS_DIR; };
		7134D407DB22013BBAA6C2D2 /* Pods-AdMob.release.xcconfig */ = {isa = PBXFileReference; includeInIndex = 1; lastKnownFileType = text.xcconfig; name = "Pods-AdMob.release.xcconfig"; path = "Target Support Files/Pods-AdMob/Pods-AdMob.release.xcconfig"; sourceTree = "<group>"; };
		CBDA7D36565C1719A24A4872 /* Pods-AdMob.debug.xcconfig */ = {isa = PBXFileReference; includeInIndex = 1; lastKnownFileType = text.xcconfig; name = "Pods-AdMob.debug.xcconfig"; path = "Target Support Files/Pods-AdMob/Pods-AdMob.debug.xcconfig"; sourceTree = "<group>"; };
/* End PBXFileReference section */

/* Begin PBXFrameworksBuildPhase section */
		1F9DE8392AAC961F00FB8152 /* Frameworks */ = {
			isa = PBXFrameworksBuildPhase;
			buildActionMask = 2147483647;
			files = (
				0D4030317F043240EC5EED20 /* Pods_AdMob.framework in Frameworks */,
			);
			runOnlyForDeploymentPostprocessing = 0;
		};
/* End PBXFrameworksBuildPhase section */

/* Begin PBXGroup section */
		1F9DE8332AAC961F00FB8152 = {
			isa = PBXGroup;
			children = (
				1F9DE83E2AAC961F00FB8152 /* AdMob */,
				1F9DE83D2AAC961F00FB8152 /* Products */,
				D191F954C37CD0BA2ABBC265 /* Pods */,
				BEF2E4647F81FD5B8445FB55 /* Frameworks */,
			);
			sourceTree = "<group>";
		};
		1F9DE83D2AAC961F00FB8152 /* Products */ = {
			isa = PBXGroup;
			children = (
				1F9DE83C2AAC961F00FB8152 /* AdMob.app */,
			);
			name = Products;
			sourceTree = "<group>";
		};
		1F9DE83E2AAC961F00FB8152 /* AdMob */ = {
			isa = PBXGroup;
			children = (
				1F9DE84D2AACAC1600FB8152 /* Info.plist */,
				1F9DE83F2AAC961F00FB8152 /* AdMobApp.swift */,
				1F9DE8412AAC961F00FB8152 /* ContentView.swift */,
				1F9DE84E2AACADA400FB8152 /* GoogleAds */,
				1F9DE84F2AACADB100FB8152 /* Resources */,
				1F9DE8452AAC962000FB8152 /* Preview Content */,
			);
			path = AdMob;
			sourceTree = "<group>";
		};
		1F9DE8452AAC962000FB8152 /* Preview Content */ = {
			isa = PBXGroup;
			children = (
				1F9DE8462AAC962000FB8152 /* Preview Assets.xcassets */,
			);
			path = "Preview Content";
			sourceTree = "<group>";
		};
		1F9DE84E2AACADA400FB8152 /* GoogleAds */ = {
			isa = PBXGroup;
			children = (
				1F9DE8502AACADC300FB8152 /* Reward */,
			);
			path = GoogleAds;
			sourceTree = "<group>";
		};
		1F9DE84F2AACADB100FB8152 /* Resources */ = {
			isa = PBXGroup;
			children = (
				1F9DE8432AAC962000FB8152 /* Assets.xcassets */,
			);
			path = Resources;
			sourceTree = "<group>";
		};
		1F9DE8502AACADC300FB8152 /* Reward */ = {
			isa = PBXGroup;
			children = (
				1F9DE8512AACADE000FB8152 /* RewardAdsManager.swift */,
			);
			path = Reward;
			sourceTree = "<group>";
		};
		BEF2E4647F81FD5B8445FB55 /* Frameworks */ = {
			isa = PBXGroup;
			children = (
				526BFDAC7A43AE59C8E645D6 /* Pods_AdMob.framework */,
			);
			name = Frameworks;
			sourceTree = "<group>";
		};
		D191F954C37CD0BA2ABBC265 /* Pods */ = {
			isa = PBXGroup;
			children = (
				CBDA7D36565C1719A24A4872 /* Pods-AdMob.debug.xcconfig */,
				7134D407DB22013BBAA6C2D2 /* Pods-AdMob.release.xcconfig */,
			);
			path = Pods;
			sourceTree = "<group>";
		};
/* End PBXGroup section */

/* Begin PBXNativeTarget section */
		1F9DE83B2AAC961F00FB8152 /* AdMob */ = {
			isa = PBXNativeTarget;
			buildConfigurationList = 1F9DE84A2AAC962000FB8152 /* Build configuration list for PBXNativeTarget "AdMob" */;
			buildPhases = (
				B2C0D4750AC087AECF0E6DF1 /* [CP] Check Pods Manifest.lock */,
				1F9DE8382AAC961F00FB8152 /* Sources */,
				1F9DE8392AAC961F00FB8152 /* Frameworks */,
				1F9DE83A2AAC961F00FB8152 /* Resources */,
				9353E0D1B4FC32B46241BCDB /* [CP] Embed Pods Frameworks */,
			);
			buildRules = (
			);
			dependencies = (
			);
			name = AdMob;
			productName = AdMob;
			productReference = 1F9DE83C2AAC961F00FB8152 /* AdMob.app */;
			productType = "com.apple.product-type.application";
		};
/* End PBXNativeTarget section */

/* Begin PBXProject section */
		1F9DE8342AAC961F00FB8152 /* Project object */ = {
			isa = PBXProject;
			attributes = {
				BuildIndependentTargetsInParallel = 1;
				LastSwiftUpdateCheck = 1420;
				LastUpgradeCheck = 1420;
				TargetAttributes = {
					1F9DE83B2AAC961F00FB8152 = {
						CreatedOnToolsVersion = 14.2;
					};
				};
			};
			buildConfigurationList = 1F9DE8372AAC961F00FB8152 /* Build configuration list for PBXProject "AdMob" */;
			compatibilityVersion = "Xcode 14.0";
			developmentRegion = en;
			hasScannedForEncodings = 0;
			knownRegions = (
				en,
				Base,
			);
			mainGroup = 1F9DE8332AAC961F00FB8152;
			productRefGroup = 1F9DE83D2AAC961F00FB8152 /* Products */;
			projectDirPath = "";
			projectRoot = "";
			targets = (
				1F9DE83B2AAC961F00FB8152 /* AdMob */,
			);
		};
/* End PBXProject section */

/* Begin PBXResourcesBuildPhase section */
		1F9DE83A2AAC961F00FB8152 /* Resources */ = {
			isa = PBXResourcesBuildPhase;
			buildActionMask = 2147483647;
			files = (
				1F9DE8472AAC962000FB8152 /* Preview Assets.xcassets in Resources */,
				1F9DE8442AAC962000FB8152 /* Assets.xcassets in Resources */,
			);
			runOnlyForDeploymentPostprocessing = 0;
		};
/* End PBXResourcesBuildPhase section */

/* Begin PBXShellScriptBuildPhase section */
		9353E0D1B4FC32B46241BCDB /* [CP] Embed Pods Frameworks */ = {
			isa = PBXShellScriptBuildPhase;
			buildActionMask = 2147483647;
			files = (
			);
			inputFileListPaths = (
				"${PODS_ROOT}/Target Support Files/Pods-AdMob/Pods-AdMob-frameworks-${CONFIGURATION}-input-files.xcfilelist",
			);
			name = "[CP] Embed Pods Frameworks";
			outputFileListPaths = (
				"${PODS_ROOT}/Target Support Files/Pods-AdMob/Pods-AdMob-frameworks-${CONFIGURATION}-output-files.xcfilelist",
			);
			runOnlyForDeploymentPostprocessing = 0;
			shellPath = /bin/sh;
			shellScript = "\"${PODS_ROOT}/Target Support Files/Pods-AdMob/Pods-AdMob-frameworks.sh\"\n";
			showEnvVarsInLog = 0;
		};
		B2C0D4750AC087AECF0E6DF1 /* [CP] Check Pods Manifest.lock */ = {
			isa = PBXShellScriptBuildPhase;
			buildActionMask = 2147483647;
			files = (
			);
			inputFileListPaths = (
			);
			inputPaths = (
				"${PODS_PODFILE_DIR_PATH}/Podfile.lock",
				"${PODS_ROOT}/Manifest.lock",
			);
			name = "[CP] Check Pods Manifest.lock";
			outputFileListPaths = (
			);
			outputPaths = (
				"$(DERIVED_FILE_DIR)/Pods-AdMob-checkManifestLockResult.txt",
			);
			runOnlyForDeploymentPostprocessing = 0;
			shellPath = /bin/sh;
			shellScript = "diff \"${PODS_PODFILE_DIR_PATH}/Podfile.lock\" \"${PODS_ROOT}/Manifest.lock\" > /dev/null\nif [ $? != 0 ] ; then\n    # print error to STDERR\n    echo \"error: The sandbox is not in sync with the Podfile.lock. Run 'pod install' or update your CocoaPods installation.\" >&2\n    exit 1\nfi\n# This output is used by Xcode 'outputs' to avoid re-running this script phase.\necho \"SUCCESS\" > \"${SCRIPT_OUTPUT_FILE_0}\"\n";
			showEnvVarsInLog = 0;
		};
/* End PBXShellScriptBuildPhase section */

/* Begin PBXSourcesBuildPhase section */
		1F9DE8382AAC961F00FB8152 /* Sources */ = {
			isa = PBXSourcesBuildPhase;
			buildActionMask = 2147483647;
			files = (
				1F9DE8522AACADE000FB8152 /* RewardAdsManager.swift in Sources */,
				1F9DE8422AAC961F00FB8152 /* ContentView.swift in Sources */,
				1F9DE8402AAC961F00FB8152 /* AdMobApp.swift in Sources */,
			);
			runOnlyForDeploymentPostprocessing = 0;
		};
/* End PBXSourcesBuildPhase section */

/* Begin XCBuildConfiguration section */
		1F9DE8482AAC962000FB8152 /* Debug */ = {
			isa = XCBuildConfiguration;
			buildSettings = {
				ALWAYS_SEARCH_USER_PATHS = NO;
				CLANG_ANALYZER_NONNULL = YES;
				CLANG_ANALYZER_NUMBER_OBJECT_CONVERSION = YES_AGGRESSIVE;
				CLANG_CXX_LANGUAGE_STANDARD = "gnu++20";
				CLANG_ENABLE_MODULES = YES;
				CLANG_ENABLE_OBJC_ARC = YES;
				CLANG_ENABLE_OBJC_WEAK = YES;
				CLANG_WARN_BLOCK_CAPTURE_AUTORELEASING = YES;
				CLANG_WARN_BOOL_CONVERSION = YES;
				CLANG_WARN_COMMA = YES;
				CLANG_WARN_CONSTANT_CONVERSION = YES;
				CLANG_WARN_DEPRECATED_OBJC_IMPLEMENTATIONS = YES;
				CLANG_WARN_DIRECT_OBJC_ISA_USAGE = YES_ERROR;
				CLANG_WARN_DOCUMENTATION_COMMENTS = YES;
				CLANG_WARN_EMPTY_BODY = YES;
				CLANG_WARN_ENUM_CONVERSION = YES;
				CLANG_WARN_INFINITE_RECURSION = YES;
				CLANG_WARN_INT_CONVERSION = YES;
				CLANG_WARN_NON_LITERAL_NULL_CONVERSION = YES;
				CLANG_WARN_OBJC_IMPLICIT_RETAIN_SELF = YES;
				CLANG_WARN_OBJC_LITERAL_CONVERSION = YES;
				CLANG_WARN_OBJC_ROOT_CLASS = YES_ERROR;
				CLANG_WARN_QUOTED_INCLUDE_IN_FRAMEWORK_HEADER = YES;
				CLANG_WARN_RANGE_LOOP_ANALYSIS = YES;
				CLANG_WARN_STRICT_PROTOTYPES = YES;
				CLANG_WARN_SUSPICIOUS_MOVE = YES;
				CLANG_WARN_UNGUARDED_AVAILABILITY = YES_AGGRESSIVE;
				CLANG_WARN_UNREACHABLE_CODE = YES;
				CLANG_WARN__DUPLICATE_METHOD_MATCH = YES;
				COPY_PHASE_STRIP = NO;
				DEBUG_INFORMATION_FORMAT = dwarf;
				ENABLE_STRICT_OBJC_MSGSEND = YES;
				ENABLE_TESTABILITY = YES;
				GCC_C_LANGUAGE_STANDARD = gnu11;
				GCC_DYNAMIC_NO_PIC = NO;
				GCC_NO_COMMON_BLOCKS = YES;
				GCC_OPTIMIZATION_LEVEL = 0;
				GCC_PREPROCESSOR_DEFINITIONS = (
					"DEBUG=1",
					"$(inherited)",
				);
				GCC_WARN_64_TO_32_BIT_CONVERSION = YES;
				GCC_WARN_ABOUT_RETURN_TYPE = YES_ERROR;
				GCC_WARN_UNDECLARED_SELECTOR = YES;
				GCC_WARN_UNINITIALIZED_AUTOS = YES_AGGRESSIVE;
				GCC_WARN_UNUSED_FUNCTION = YES;
				GCC_WARN_UNUSED_VARIABLE = YES;
				IPHONEOS_DEPLOYMENT_TARGET = 16.2;
				MTL_ENABLE_DEBUG_INFO = INCLUDE_SOURCE;
				MTL_FAST_MATH = YES;
				ONLY_ACTIVE_ARCH = YES;
				SDKROOT = iphoneos;
				SWIFT_ACTIVE_COMPILATION_CONDITIONS = DEBUG;
				SWIFT_OPTIMIZATION_LEVEL = "-Onone";
			};
			name = Debug;
		};
		1F9DE8492AAC962000FB8152 /* Release */ = {
			isa = XCBuildConfiguration;
			buildSettings = {
				ALWAYS_SEARCH_USER_PATHS = NO;
				CLANG_ANALYZER_NONNULL = YES;
				CLANG_ANALYZER_NUMBER_OBJECT_CONVERSION = YES_AGGRESSIVE;
				CLANG_CXX_LANGUAGE_STANDARD = "gnu++20";
				CLANG_ENABLE_MODULES = YES;
				CLANG_ENABLE_OBJC_ARC = YES;
				CLANG_ENABLE_OBJC_WEAK = YES;
				CLANG_WARN_BLOCK_CAPTURE_AUTORELEASING = YES;
				CLANG_WARN_BOOL_CONVERSION = YES;
				CLANG_WARN_COMMA = YES;
				CLANG_WARN_CONSTANT_CONVERSION = YES;
				CLANG_WARN_DEPRECATED_OBJC_IMPLEMENTATIONS = YES;
				CLANG_WARN_DIRECT_OBJC_ISA_USAGE = YES_ERROR;
				CLANG_WARN_DOCUMENTATION_COMMENTS = YES;
				CLANG_WARN_EMPTY_BODY = YES;
				CLANG_WARN_ENUM_CONVERSION = YES;
				CLANG_WARN_INFINITE_RECURSION = YES;
				CLANG_WARN_INT_CONVERSION = YES;
				CLANG_WARN_NON_LITERAL_NULL_CONVERSION = YES;
				CLANG_WARN_OBJC_IMPLICIT_RETAIN_SELF = YES;
				CLANG_WARN_OBJC_LITERAL_CONVERSION = YES;
				CLANG_WARN_OBJC_ROOT_CLASS = YES_ERROR;
				CLANG_WARN_QUOTED_INCLUDE_IN_FRAMEWORK_HEADER = YES;
				CLANG_WARN_RANGE_LOOP_ANALYSIS = YES;
				CLANG_WARN_STRICT_PROTOTYPES = YES;
				CLANG_WARN_SUSPICIOUS_MOVE = YES;
				CLANG_WARN_UNGUARDED_AVAILABILITY = YES_AGGRESSIVE;
				CLANG_WARN_UNREACHABLE_CODE = YES;
				CLANG_WARN__DUPLICATE_METHOD_MATCH = YES;
				COPY_PHASE_STRIP = NO;
				DEBUG_INFORMATION_FORMAT = "dwarf-with-dsym";
				ENABLE_NS_ASSERTIONS = NO;
				ENABLE_STRICT_OBJC_MSGSEND = YES;
				GCC_C_LANGUAGE_STANDARD = gnu11;
				GCC_NO_COMMON_BLOCKS = YES;
				GCC_WARN_64_TO_32_BIT_CONVERSION = YES;
				GCC_WARN_ABOUT_RETURN_TYPE = YES_ERROR;
				GCC_WARN_UNDECLARED_SELECTOR = YES;
				GCC_WARN_UNINITIALIZED_AUTOS = YES_AGGRESSIVE;
				GCC_WARN_UNUSED_FUNCTION = YES;
				GCC_WARN_UNUSED_VARIABLE = YES;
				IPHONEOS_DEPLOYMENT_TARGET = 16.2;
				MTL_ENABLE_DEBUG_INFO = NO;
				MTL_FAST_MATH = YES;
				SDKROOT = iphoneos;
				SWIFT_COMPILATION_MODE = wholemodule;
				SWIFT_OPTIMIZATION_LEVEL = "-O";
				VALIDATE_PRODUCT = YES;
			};
			name = Release;
		};
		1F9DE84B2AAC962000FB8152 /* Debug */ = {
			isa = XCBuildConfiguration;
			baseConfigurationReference = CBDA7D36565C1719A24A4872 /* Pods-AdMob.debug.xcconfig */;
			buildSettings = {
				ASSETCATALOG_COMPILER_APPICON_NAME = AppIcon;
				ASSETCATALOG_COMPILER_GLOBAL_ACCENT_COLOR_NAME = AccentColor;
				CODE_SIGN_STYLE = Automatic;
				CURRENT_PROJECT_VERSION = 1;
				DEVELOPMENT_ASSET_PATHS = "\"AdMob/Preview Content\"";
				ENABLE_PREVIEWS = YES;
				GENERATE_INFOPLIST_FILE = YES;
				INFOPLIST_FILE = AdMob/Info.plist;
				INFOPLIST_KEY_UIApplicationSceneManifest_Generation = YES;
				INFOPLIST_KEY_UIApplicationSupportsIndirectInputEvents = YES;
				INFOPLIST_KEY_UILaunchScreen_Generation = YES;
				INFOPLIST_KEY_UISupportedInterfaceOrientations_iPad = "UIInterfaceOrientationPortrait UIInterfaceOrientationPortraitUpsideDown UIInterfaceOrientationLandscapeLeft UIInterfaceOrientationLandscapeRight";
				INFOPLIST_KEY_UISupportedInterfaceOrientations_iPhone = "UIInterfaceOrientationPortrait UIInterfaceOrientationLandscapeLeft UIInterfaceOrientationLandscapeRight";
				LD_RUNPATH_SEARCH_PATHS = (
					"$(inherited)",
					"@executable_path/Frameworks",
				);
				MARKETING_VERSION = 1.0;
				PRODUCT_BUNDLE_IDENTIFIER = com.damienelledge.Wallpaper17;
				PRODUCT_NAME = "$(TARGET_NAME)";
				SWIFT_EMIT_LOC_STRINGS = YES;
				SWIFT_VERSION = 5.0;
				TARGETED_DEVICE_FAMILY = "1,2";
			};
			name = Debug;
		};
		1F9DE84C2AAC962000FB8152 /* Release */ = {
			isa = XCBuildConfiguration;
			baseConfigurationReference = 7134D407DB22013BBAA6C2D2 /* Pods-AdMob.release.xcconfig */;
			buildSettings = {
				ASSETCATALOG_COMPILER_APPICON_NAME = AppIcon;
				ASSETCATALOG_COMPILER_GLOBAL_ACCENT_COLOR_NAME = AccentColor;
				CODE_SIGN_STYLE = Automatic;
				CURRENT_PROJECT_VERSION = 1;
				DEVELOPMENT_ASSET_PATHS = "\"AdMob/Preview Content\"";
				ENABLE_PREVIEWS = YES;
				GENERATE_INFOPLIST_FILE = YES;
				INFOPLIST_FILE = AdMob/Info.plist;
				INFOPLIST_KEY_UIApplicationSceneManifest_Generation = YES;
				INFOPLIST_KEY_UIApplicationSupportsIndirectInputEvents = YES;
				INFOPLIST_KEY_UILaunchScreen_Generation = YES;
				INFOPLIST_KEY_UISupportedInterfaceOrientations_iPad = "UIInterfaceOrientationPortrait UIInterfaceOrientationPortraitUpsideDown UIInterfaceOrientationLandscapeLeft UIInterfaceOrientationLandscapeRight";
				INFOPLIST_KEY_UISupportedInterfaceOrientations_iPhone = "UIInterfaceOrientationPortrait UIInterfaceOrientationLandscapeLeft UIInterfaceOrientationLandscapeRight";
				LD_RUNPATH_SEARCH_PATHS = (
					"$(inherited)",
					"@executable_path/Frameworks",
				);
				MARKETING_VERSION = 1.0;
				PRODUCT_BUNDLE_IDENTIFIER = com.damienelledge.Wallpaper17;
				PRODUCT_NAME = "$(TARGET_NAME)";
				SWIFT_EMIT_LOC_STRINGS = YES;
				SWIFT_VERSION = 5.0;
				TARGETED_DEVICE_FAMILY = "1,2";
			};
			name = Release;
		};
/* End XCBuildConfiguration section */

/* Begin XCConfigurationList section */
		1F9DE8372AAC961F00FB8152 /* Build configuration list for PBXProject "AdMob" */ = {
			isa = XCConfigurationList;
			buildConfigurations = (
				1F9DE8482AAC962000FB8152 /* Debug */,
				1F9DE8492AAC962000FB8152 /* Release */,
			);
			defaultConfigurationIsVisible = 0;
			defaultConfigurationName = Release;
		};
		1F9DE84A2AAC962000FB8152 /* Build configuration list for PBXNativeTarget "AdMob" */ = {
			isa = XCConfigurationList;
			buildConfigurations = (
				1F9DE84B2AAC962000FB8152 /* Debug */,
				1F9DE84C2AAC962000FB8152 /* Release */,
			);
			defaultConfigurationIsVisible = 0;
			defaultConfigurationName = Release;
		};
/* End XCConfigurationList section */
	};
	rootObject = 1F9DE8342AAC961F00FB8152 /* Project object */;
}
